
Microsoft Visual Studio Solution File, Format Version 12.00
# Visual Studio Version 17
VisualStudioVersion = 17.2.32630.192
MinimumVisualStudioVersion = 10.0.40219.1
Project("{9A19103F-16F7-4668-BE54-9A1E7A4F7556}") = "R5T.D0005.Construction", "R5T.D0005.Construction\R5T.D0005.Construction.csproj", "{8A84FDF0-AFD7-46EA-A921-653346C6DE04}"
EndProject
Project("{9A19103F-16F7-4668-BE54-9A1E7A4F7556}") = "R5T.D0005", "R5T.D0005\R5T.D0005.csproj", "{8A8D7F88-0502-4E8D-999D-B13229B3833B}"
EndProject
Project("{2150E333-8FDC-42A3-9474-1A3956D46DE8}") = "_Dependencies", "_Dependencies", "{B1F1C6ED-13E1-44B1-9A9F-8C867AA64EC4}"
EndProject
Project("{9A19103F-16F7-4668-BE54-9A1E7A4F7556}") = "R5T.Dacia.Extensions", "..\..\R5T.Dacia.Extensions\source\R5T.Dacia.Extensions\R5T.Dacia.Extensions.csproj", "{70C7F28E-0D9E-416E-A623-6E6FA1CDA6B5}"
EndProject
Project("{9A19103F-16F7-4668-BE54-9A1E7A4F7556}") = "R5T.Dacia", "..\..\R5T.Dacia\source\R5T.Dacia\R5T.Dacia.csproj", "{0D48CEE4-2E7D-4071-8AD7-5332CF731AB3}"
EndProject
Project("{9A19103F-16F7-4668-BE54-9A1E7A4F7556}") = "R5T.D0005.Base", "R5T.D0005.Base\R5T.D0005.Base.csproj", "{D8FAC518-DEC1-4A4C-A8EE-F5FBD37608B4}"
EndProject
Project("{9A19103F-16F7-4668-BE54-9A1E7A4F7556}") = "R5T.D0005.Default", "R5T.D0005.Default\R5T.D0005.Default.csproj", "{4E763DA9-734B-45CF-BF9E-565CEBB795B7}"
EndProject
Project("{9A19103F-16F7-4668-BE54-9A1E7A4F7556}") = "R5T.D0005.Standard", "R5T.D0005.Standard\R5T.D0005.Standard.csproj", "{DD7261D8-1936-4054-9422-6C11D49043FE}"
EndProject
Project("{9A19103F-16F7-4668-BE54-9A1E7A4F7556}") = "R5T.T0064", "..\..\R5T.T0064\source\R5T.T0064\R5T.T0064.csproj", "{8D7A43AD-A0EC-42E0-962F-3CB73EBD6DEB}"
EndProject
Project("{9A19103F-16F7-4668-BE54-9A1E7A4F7556}") = "R5T.T0143", "..\..\R5T.T0143\source\R5T.T0143\R5T.T0143.csproj", "{0A97E990-4162-442D-86FC-2D922506AE83}"
EndProject
Project("{9A19103F-16F7-4668-BE54-9A1E7A4F7556}") = "R5T.T0064.T001", "..\..\R5T.T0064\source\R5T.T0064.T001\R5T.T0064.T001.csproj", "{90A7DB01-F8F2-4721-9C50-34F07E48A1FB}"
EndProject
Global
	GlobalSection(SolutionConfigurationPlatforms) = preSolution
		Debug|Any CPU = Debug|Any CPU
		Debug|x64 = Debug|x64
		Debug|x86 = Debug|x86
		Release|Any CPU = Release|Any CPU
		Release|x64 = Release|x64
		Release|x86 = Release|x86
	EndGlobalSection
	GlobalSection(ProjectConfigurationPlatforms) = postSolution
		{8A84FDF0-AFD7-46EA-A921-653346C6DE04}.Debug|Any CPU.ActiveCfg = Debug|Any CPU
		{8A84FDF0-AFD7-46EA-A921-653346C6DE04}.Debug|Any CPU.Build.0 = Debug|Any CPU
		{8A84FDF0-AFD7-46EA-A921-653346C6DE04}.Debug|x64.ActiveCfg = Debug|Any CPU
		{8A84FDF0-AFD7-46EA-A921-653346C6DE04}.Debug|x64.Build.0 = Debug|Any CPU
		{8A84FDF0-AFD7-46EA-A921-653346C6DE04}.Debug|x86.ActiveCfg = Debug|Any CPU
		{8A84FDF0-AFD7-46EA-A921-653346C6DE04}.Debug|x86.Build.0 = Debug|Any CPU
		{8A84FDF0-AFD7-46EA-A921-653346C6DE04}.Release|Any CPU.ActiveCfg = Release|Any CPU
		{8A84FDF0-AFD7-46EA-A921-653346C6DE04}.Release|Any CPU.Build.0 = Release|Any CPU
		{8A84FDF0-AFD7-46EA-A921-653346C6DE04}.Release|x64.ActiveCfg = Release|Any CPU
		{8A84FDF0-AFD7-46EA-A921-653346C6DE04}.Release|x64.Build.0 = Release|Any CPU
		{8A84FDF0-AFD7-46EA-A921-653346C6DE04}.Release|x86.ActiveCfg = Release|Any CPU
		{8A84FDF0-AFD7-46EA-A921-653346C6DE04}.Release|x86.Build.0 = Release|Any CPU
		{8A8D7F88-0502-4E8D-999D-B13229B3833B}.Debug|Any CPU.ActiveCfg = Debug|Any CPU
		{8A8D7F88-0502-4E8D-999D-B13229B3833B}.Debug|Any CPU.Build.0 = Debug|Any CPU
		{8A8D7F88-0502-4E8D-999D-B13229B3833B}.Debug|x64.ActiveCfg = Debug|Any CPU
		{8A8D7F88-0502-4E8D-999D-B13229B3833B}.Debug|x64.Build.0 = Debug|Any CPU
		{8A8D7F88-0502-4E8D-999D-B13229B3833B}.Debug|x86.ActiveCfg = Debug|Any CPU
		{8A8D7F88-0502-4E8D-999D-B13229B3833B}.Debug|x86.Build.0 = Debug|Any CPU
		{8A8D7F88-0502-4E8D-999D-B13229B3833B}.Release|Any CPU.ActiveCfg = Release|Any CPU
		{8A8D7F88-0502-4E8D-999D-B13229B3833B}.Release|Any CPU.Build.0 = Release|Any CPU
		{8A8D7F88-0502-4E8D-999D-B13229B3833B}.Release|x64.ActiveCfg = Release|Any CPU
		{8A8D7F88-0502-4E8D-999D-B13229B3833B}.Release|x64.Build.0 = Release|Any CPU
		{8A8D7F88-0502-4E8D-999D-B13229B3833B}.Release|x86.ActiveCfg = Release|Any CPU
		{8A8D7F88-0502-4E8D-999D-B13229B3833B}.Release|x86.Build.0 = Release|Any CPU
		{70C7F28E-0D9E-416E-A623-6E6FA1CDA6B5}.Debug|Any CPU.ActiveCfg = Debug|Any CPU
		{70C7F28E-0D9E-416E-A623-6E6FA1CDA6B5}.Debug|Any CPU.Build.0 = Debug|Any CPU
		{70C7F28E-0D9E-416E-A623-6E6FA1CDA6B5}.Debug|x64.ActiveCfg = Debug|Any CPU
		{70C7F28E-0D9E-416E-A623-6E6FA1CDA6B5}.Debug|x64.Build.0 = Debug|Any CPU
		{70C7F28E-0D9E-416E-A623-6E6FA1CDA6B5}.Debug|x86.ActiveCfg = Debug|Any CPU
		{70C7F28E-0D9E-416E-A623-6E6FA1CDA6B5}.Debug|x86.Build.0 = Debug|Any CPU
		{70C7F28E-0D9E-416E-A623-6E6FA1CDA6B5}.Release|Any CPU.ActiveCfg = Release|Any CPU
		{70C7F28E-0D9E-416E-A623-6E6FA1CDA6B5}.Release|Any CPU.Build.0 = Release|Any CPU
		{70C7F28E-0D9E-416E-A623-6E6FA1CDA6B5}.Release|x64.ActiveCfg = Release|Any CPU
		{70C7F28E-0D9E-416E-A623-6E6FA1CDA6B5}.Release|x64.Build.0 = Release|Any CPU
		{70C7F28E-0D9E-416E-A623-6E6FA1CDA6B5}.Release|x86.ActiveCfg = Release|Any CPU
		{70C7F28E-0D9E-416E-A623-6E6FA1CDA6B5}.Release|x86.Build.0 = Release|Any CPU
		{0D48CEE4-2E7D-4071-8AD7-5332CF731AB3}.Debug|Any CPU.ActiveCfg = Debug|Any CPU
		{0D48CEE4-2E7D-4071-8AD7-5332CF731AB3}.Debug|Any CPU.Build.0 = Debug|Any CPU
		{0D48CEE4-2E7D-4071-8AD7-5332CF731AB3}.Debug|x64.ActiveCfg = Debug|Any CPU
		{0D48CEE4-2E7D-4071-8AD7-5332CF731AB3}.Debug|x64.Build.0 = Debug|Any CPU
		{0D48CEE4-2E7D-4071-8AD7-5332CF731AB3}.Debug|x86.ActiveCfg = Debug|Any CPU
		{0D48CEE4-2E7D-4071-8AD7-5332CF731AB3}.Debug|x86.Build.0 = Debug|Any CPU
		{0D48CEE4-2E7D-4071-8AD7-5332CF731AB3}.Release|Any CPU.ActiveCfg = Release|Any CPU
		{0D48CEE4-2E7D-4071-8AD7-5332CF731AB3}.Release|Any CPU.Build.0 = Release|Any CPU
		{0D48CEE4-2E7D-4071-8AD7-5332CF731AB3}.Release|x64.ActiveCfg = Release|Any CPU
		{0D48CEE4-2E7D-4071-8AD7-5332CF731AB3}.Release|x64.Build.0 = Release|Any CPU
		{0D48CEE4-2E7D-4071-8AD7-5332CF731AB3}.Release|x86.ActiveCfg = Release|Any CPU
		{0D48CEE4-2E7D-4071-8AD7-5332CF731AB3}.Release|x86.Build.0 = Release|Any CPU
		{D8FAC518-DEC1-4A4C-A8EE-F5FBD37608B4}.Debug|Any CPU.ActiveCfg = Debug|Any CPU
		{D8FAC518-DEC1-4A4C-A8EE-F5FBD37608B4}.Debug|Any CPU.Build.0 = Debug|Any CPU
		{D8FAC518-DEC1-4A4C-A8EE-F5FBD37608B4}.Debug|x64.ActiveCfg = Debug|Any CPU
		{D8FAC518-DEC1-4A4C-A8EE-F5FBD37608B4}.Debug|x64.Build.0 = Debug|Any CPU
		{D8FAC518-DEC1-4A4C-A8EE-F5FBD37608B4}.Debug|x86.ActiveCfg = Debug|Any CPU
		{D8FAC518-DEC1-4A4C-A8EE-F5FBD37608B4}.Debug|x86.Build.0 = Debug|Any CPU
		{D8FAC518-DEC1-4A4C-A8EE-F5FBD37608B4}.Release|Any CPU.ActiveCfg = Release|Any CPU
		{D8FAC518-DEC1-4A4C-A8EE-F5FBD37608B4}.Release|Any CPU.Build.0 = Release|Any CPU
		{D8FAC518-DEC1-4A4C-A8EE-F5FBD37608B4}.Release|x64.ActiveCfg = Release|Any CPU
		{D8FAC518-DEC1-4A4C-A8EE-F5FBD37608B4}.Release|x64.Build.0 = Release|Any CPU
		{D8FAC518-DEC1-4A4C-A8EE-F5FBD37608B4}.Release|x86.ActiveCfg = Release|Any CPU
		{D8FAC518-DEC1-4A4C-A8EE-F5FBD37608B4}.Release|x86.Build.0 = Release|Any CPU
		{4E763DA9-734B-45CF-BF9E-565CEBB795B7}.Debug|Any CPU.ActiveCfg = Debug|Any CPU
		{4E763DA9-734B-45CF-BF9E-565CEBB795B7}.Debug|Any CPU.Build.0 = Debug|Any CPU
		{4E763DA9-734B-45CF-BF9E-565CEBB795B7}.Debug|x64.ActiveCfg = Debug|Any CPU
		{4E763DA9-734B-45CF-BF9E-565CEBB795B7}.Debug|x64.Build.0 = Debug|Any CPU
		{4E763DA9-734B-45CF-BF9E-565CEBB795B7}.Debug|x86.ActiveCfg = Debug|Any CPU
		{4E763DA9-734B-45CF-BF9E-565CEBB795B7}.Debug|x86.Build.0 = Debug|Any CPU
		{4E763DA9-734B-45CF-BF9E-565CEBB795B7}.Release|Any CPU.ActiveCfg = Release|Any CPU
		{4E763DA9-734B-45CF-BF9E-565CEBB795B7}.Release|Any CPU.Build.0 = Release|Any CPU
		{4E763DA9-734B-45CF-BF9E-565CEBB795B7}.Release|x64.ActiveCfg = Release|Any CPU
		{4E763DA9-734B-45CF-BF9E-565CEBB795B7}.Release|x64.Build.0 = Release|Any CPU
		{4E763DA9-734B-45CF-BF9E-565CEBB795B7}.Release|x86.ActiveCfg = Release|Any CPU
		{4E763DA9-734B-45CF-BF9E-565CEBB795B7}.Release|x86.Build.0 = Release|Any CPU
		{DD7261D8-1936-4054-9422-6C11D49043FE}.Debug|Any CPU.ActiveCfg = Debug|Any CPU
		{DD7261D8-1936-4054-9422-6C11D49043FE}.Debug|Any CPU.Build.0 = Debug|Any CPU
		{DD7261D8-1936-4054-9422-6C11D49043FE}.Debug|x64.ActiveCfg = Debug|Any CPU
		{DD7261D8-1936-4054-9422-6C11D49043FE}.Debug|x64.Build.0 = Debug|Any CPU
		{DD7261D8-1936-4054-9422-6C11D49043FE}.Debug|x86.ActiveCfg = Debug|Any CPU
		{DD7261D8-1936-4054-9422-6C11D49043FE}.Debug|x86.Build.0 = Debug|Any CPU
		{DD7261D8-1936-4054-9422-6C11D49043FE}.Release|Any CPU.ActiveCfg = Release|Any CPU
		{DD7261D8-1936-4054-9422-6C11D49043FE}.Release|Any CPU.Build.0 = Release|Any CPU
		{DD7261D8-1936-4054-9422-6C11D49043FE}.Release|x64.ActiveCfg = Release|Any CPU
		{DD7261D8-1936-4054-9422-6C11D49043FE}.Release|x64.Build.0 = Release|Any CPU
		{DD7261D8-1936-4054-9422-6C11D49043FE}.Release|x86.ActiveCfg = Release|Any CPU
		{DD7261D8-1936-4054-9422-6C11D49043FE}.Release|x86.Build.0 = Release|Any CPU
		{8D7A43AD-A0EC-42E0-962F-3CB73EBD6DEB}.Debug|Any CPU.ActiveCfg = Debug|Any CPU
		{8D7A43AD-A0EC-42E0-962F-3CB73EBD6DEB}.Debug|Any CPU.Build.0 = Debug|Any CPU
		{8D7A43AD-A0EC-42E0-962F-3CB73EBD6DEB}.Debug|x64.ActiveCfg = Debug|Any CPU
		{8D7A43AD-A0EC-42E0-962F-3CB73EBD6DEB}.Debug|x64.Build.0 = Debug|Any CPU
		{8D7A43AD-A0EC-42E0-962F-3CB73EBD6DEB}.Debug|x86.ActiveCfg = Debug|Any CPU
		{8D7A43AD-A0EC-42E0-962F-3CB73EBD6DEB}.Debug|x86.Build.0 = Debug|Any CPU
		{8D7A43AD-A0EC-42E0-962F-3CB73EBD6DEB}.Release|Any CPU.ActiveCfg = Release|Any CPU
		{8D7A43AD-A0EC-42E0-962F-3CB73EBD6DEB}.Release|Any CPU.Build.0 = Release|Any CPU
		{8D7A43AD-A0EC-42E0-962F-3CB73EBD6DEB}.Release|x64.ActiveCfg = Release|Any CPU
		{8D7A43AD-A0EC-42E0-962F-3CB73EBD6DEB}.Release|x64.Build.0 = Release|Any CPU
		{8D7A43AD-A0EC-42E0-962F-3CB73EBD6DEB}.Release|x86.ActiveCfg = Release|Any CPU
		{8D7A43AD-A0EC-42E0-962F-3CB73EBD6DEB}.Release|x86.Build.0 = Release|Any CPU
		{0A97E990-4162-442D-86FC-2D922506AE83}.Debug|Any CPU.ActiveCfg = Debug|Any CPU
		{0A97E990-4162-442D-86FC-2D922506AE83}.Debug|Any CPU.Build.0 = Debug|Any CPU
		{0A97E990-4162-442D-86FC-2D922506AE83}.Debug|x64.ActiveCfg = Debug|Any CPU
		{0A97E990-4162-442D-86FC-2D922506AE83}.Debug|x64.Build.0 = Debug|Any CPU
		{0A97E990-4162-442D-86FC-2D922506AE83}.Debug|x86.ActiveCfg = Debug|Any CPU
		{0A97E990-4162-442D-86FC-2D922506AE83}.Debug|x86.Build.0 = Debug|Any CPU
		{0A97E990-4162-442D-86FC-2D922506AE83}.Release|Any CPU.ActiveCfg = Release|Any CPU
		{0A97E990-4162-442D-86FC-2D922506AE83}.Release|Any CPU.Build.0 = Release|Any CPU
		{0A97E990-4162-442D-86FC-2D922506AE83}.Release|x64.ActiveCfg = Release|Any CPU
		{0A97E990-4162-442D-86FC-2D922506AE83}.Release|x64.Build.0 = Release|Any CPU
		{0A97E990-4162-442D-86FC-2D922506AE83}.Release|x86.ActiveCfg = Release|Any CPU
		{0A97E990-4162-442D-86FC-2D922506AE83}.Release|x86.Build.0 = Release|Any CPU
		{90A7DB01-F8F2-4721-9C50-34F07E48A1FB}.Debug|Any CPU.ActiveCfg = Debug|Any CPU
		{90A7DB01-F8F2-4721-9C50-34F07E48A1FB}.Debug|Any CPU.Build.0 = Debug|Any CPU
		{90A7DB01-F8F2-4721-9C50-34F07E48A1FB}.Debug|x64.ActiveCfg = Debug|Any CPU
		{90A7DB01-F8F2-4721-9C50-34F07E48A1FB}.Debug|x64.Build.0 = Debug|Any CPU
		{90A7DB01-F8F2-4721-9C50-34F07E48A1FB}.Debug|x86.ActiveCfg = Debug|Any CPU
		{90A7DB01-F8F2-4721-9C50-34F07E48A1FB}.Debug|x86.Build.0 = Debug|Any CPU
		{90A7DB01-F8F2-4721-9C50-34F07E48A1FB}.Release|Any CPU.ActiveCfg = Release|Any CPU
		{90A7DB01-F8F2-4721-9C50-34F07E48A1FB}.Release|Any CPU.Build.0 = Release|Any CPU
		{90A7DB01-F8F2-4721-9C50-34F07E48A1FB}.Release|x64.ActiveCfg = Release|Any CPU
		{90A7DB01-F8F2-4721-9C50-34F07E48A1FB}.Release|x64.Build.0 = Release|Any CPU
		{90A7DB01-F8F2-4721-9C50-34F07E48A1FB}.Release|x86.ActiveCfg = Release|Any CPU
		{90A7DB01-F8F2-4721-9C50-34F07E48A1FB}.Release|x86.Build.0 = Release|Any CPU
	EndGlobalSection
	GlobalSection(SolutionProperties) = preSolution
		HideSolutionNode = FALSE
	EndGlobalSection
	GlobalSection(NestedProjects) = preSolution
		{70C7F28E-0D9E-416E-A623-6E6FA1CDA6B5} = {B1F1C6ED-13E1-44B1-9A9F-8C867AA64EC4}
		{0D48CEE4-2E7D-4071-8AD7-5332CF731AB3} = {B1F1C6ED-13E1-44B1-9A9F-8C867AA64EC4}
		{8D7A43AD-A0EC-42E0-962F-3CB73EBD6DEB} = {B1F1C6ED-13E1-44B1-9A9F-8C867AA64EC4}
		{0A97E990-4162-442D-86FC-2D922506AE83} = {B1F1C6ED-13E1-44B1-9A9F-8C867AA64EC4}
		{90A7DB01-F8F2-4721-9C50-34F07E48A1FB} = {B1F1C6ED-13E1-44B1-9A9F-8C867AA64EC4}
	EndGlobalSection
	GlobalSection(ExtensibilityGlobals) = postSolution
		SolutionGuid = {DEB32380-F88E-4446-A71C-E1D0FF6F2029}
	EndGlobalSection
EndGlobal
