
Microsoft Visual Studio Solution File, Format Version 12.00
# Visual Studio Version 16
VisualStudioVersion = 16.0.30114.105
MinimumVisualStudioVersion = 10.0.40219.1
Project("{FAE04EC0-301F-11D3-BF4B-00C04F79EFBC}") = "R5T.D0005", "R5T.D0005\R5T.D0005.csproj", "{ED0BED39-0121-4E3D-B633-3AFDAA3EF28F}"
EndProject
Project("{FAE04EC0-301F-11D3-BF4B-00C04F79EFBC}") = "R5T.D0005.Base", "R5T.D0005.Base\R5T.D0005.Base.csproj", "{AC4E5034-4FDE-4DD5-B9A2-F999739CA512}"
EndProject
Project("{FAE04EC0-301F-11D3-BF4B-00C04F79EFBC}") = "R5T.D0005.Construction", "R5T.D0005.Construction\R5T.D0005.Construction.csproj", "{F4F9A0BF-3452-445E-9792-502EFF7C1980}"
EndProject
Project("{FAE04EC0-301F-11D3-BF4B-00C04F79EFBC}") = "R5T.D0005.Default", "R5T.D0005.Default\R5T.D0005.Default.csproj", "{82AD8072-EF74-4281-B917-834BBF546BAE}"
EndProject
Project("{FAE04EC0-301F-11D3-BF4B-00C04F79EFBC}") = "R5T.D0005.Standard", "R5T.D0005.Standard\R5T.D0005.Standard.csproj", "{832A7832-6DB9-47A5-8417-EF187C23034F}"
EndProject
Project("{2150E333-8FDC-42A3-9474-1A3956D46DE8}") = "_Dependencies", "_Dependencies", "{48A99F67-72F0-4EA1-ABE7-6DF1CCF0D7E2}"
EndProject
Project("{FAE04EC0-301F-11D3-BF4B-00C04F79EFBC}") = "R5T.T0064", "..\..\R5T.T0064\source\R5T.T0064\R5T.T0064.csproj", "{597AFF64-C3B0-41CF-BBEE-CCE661E95D0B}"
EndProject
Global
	GlobalSection(SolutionConfigurationPlatforms) = preSolution
		Debug|Any CPU = Debug|Any CPU
		Debug|x64 = Debug|x64
		Debug|x86 = Debug|x86
		Release|Any CPU = Release|Any CPU
		Release|x64 = Release|x64
		Release|x86 = Release|x86
	EndGlobalSection
	GlobalSection(SolutionProperties) = preSolution
		HideSolutionNode = FALSE
	EndGlobalSection
	GlobalSection(ProjectConfigurationPlatforms) = postSolution
		{ED0BED39-0121-4E3D-B633-3AFDAA3EF28F}.Debug|Any CPU.ActiveCfg = Debug|Any CPU
		{ED0BED39-0121-4E3D-B633-3AFDAA3EF28F}.Debug|Any CPU.Build.0 = Debug|Any CPU
		{ED0BED39-0121-4E3D-B633-3AFDAA3EF28F}.Debug|x64.ActiveCfg = Debug|Any CPU
		{ED0BED39-0121-4E3D-B633-3AFDAA3EF28F}.Debug|x64.Build.0 = Debug|Any CPU
		{ED0BED39-0121-4E3D-B633-3AFDAA3EF28F}.Debug|x86.ActiveCfg = Debug|Any CPU
		{ED0BED39-0121-4E3D-B633-3AFDAA3EF28F}.Debug|x86.Build.0 = Debug|Any CPU
		{ED0BED39-0121-4E3D-B633-3AFDAA3EF28F}.Release|Any CPU.ActiveCfg = Release|Any CPU
		{ED0BED39-0121-4E3D-B633-3AFDAA3EF28F}.Release|Any CPU.Build.0 = Release|Any CPU
		{ED0BED39-0121-4E3D-B633-3AFDAA3EF28F}.Release|x64.ActiveCfg = Release|Any CPU
		{ED0BED39-0121-4E3D-B633-3AFDAA3EF28F}.Release|x64.Build.0 = Release|Any CPU
		{ED0BED39-0121-4E3D-B633-3AFDAA3EF28F}.Release|x86.ActiveCfg = Release|Any CPU
		{ED0BED39-0121-4E3D-B633-3AFDAA3EF28F}.Release|x86.Build.0 = Release|Any CPU
		{AC4E5034-4FDE-4DD5-B9A2-F999739CA512}.Debug|Any CPU.ActiveCfg = Debug|Any CPU
		{AC4E5034-4FDE-4DD5-B9A2-F999739CA512}.Debug|Any CPU.Build.0 = Debug|Any CPU
		{AC4E5034-4FDE-4DD5-B9A2-F999739CA512}.Debug|x64.ActiveCfg = Debug|Any CPU
		{AC4E5034-4FDE-4DD5-B9A2-F999739CA512}.Debug|x64.Build.0 = Debug|Any CPU
		{AC4E5034-4FDE-4DD5-B9A2-F999739CA512}.Debug|x86.ActiveCfg = Debug|Any CPU
		{AC4E5034-4FDE-4DD5-B9A2-F999739CA512}.Debug|x86.Build.0 = Debug|Any CPU
		{AC4E5034-4FDE-4DD5-B9A2-F999739CA512}.Release|Any CPU.ActiveCfg = Release|Any CPU
		{AC4E5034-4FDE-4DD5-B9A2-F999739CA512}.Release|Any CPU.Build.0 = Release|Any CPU
		{AC4E5034-4FDE-4DD5-B9A2-F999739CA512}.Release|x64.ActiveCfg = Release|Any CPU
		{AC4E5034-4FDE-4DD5-B9A2-F999739CA512}.Release|x64.Build.0 = Release|Any CPU
		{AC4E5034-4FDE-4DD5-B9A2-F999739CA512}.Release|x86.ActiveCfg = Release|Any CPU
		{AC4E5034-4FDE-4DD5-B9A2-F999739CA512}.Release|x86.Build.0 = Release|Any CPU
		{F4F9A0BF-3452-445E-9792-502EFF7C1980}.Debug|Any CPU.ActiveCfg = Debug|Any CPU
		{F4F9A0BF-3452-445E-9792-502EFF7C1980}.Debug|Any CPU.Build.0 = Debug|Any CPU
		{F4F9A0BF-3452-445E-9792-502EFF7C1980}.Debug|x64.ActiveCfg = Debug|Any CPU
		{F4F9A0BF-3452-445E-9792-502EFF7C1980}.Debug|x64.Build.0 = Debug|Any CPU
		{F4F9A0BF-3452-445E-9792-502EFF7C1980}.Debug|x86.ActiveCfg = Debug|Any CPU
		{F4F9A0BF-3452-445E-9792-502EFF7C1980}.Debug|x86.Build.0 = Debug|Any CPU
		{F4F9A0BF-3452-445E-9792-502EFF7C1980}.Release|Any CPU.ActiveCfg = Release|Any CPU
		{F4F9A0BF-3452-445E-9792-502EFF7C1980}.Release|Any CPU.Build.0 = Release|Any CPU
		{F4F9A0BF-3452-445E-9792-502EFF7C1980}.Release|x64.ActiveCfg = Release|Any CPU
		{F4F9A0BF-3452-445E-9792-502EFF7C1980}.Release|x64.Build.0 = Release|Any CPU
		{F4F9A0BF-3452-445E-9792-502EFF7C1980}.Release|x86.ActiveCfg = Release|Any CPU
		{F4F9A0BF-3452-445E-9792-502EFF7C1980}.Release|x86.Build.0 = Release|Any CPU
		{82AD8072-EF74-4281-B917-834BBF546BAE}.Debug|Any CPU.ActiveCfg = Debug|Any CPU
		{82AD8072-EF74-4281-B917-834BBF546BAE}.Debug|Any CPU.Build.0 = Debug|Any CPU
		{82AD8072-EF74-4281-B917-834BBF546BAE}.Debug|x64.ActiveCfg = Debug|Any CPU
		{82AD8072-EF74-4281-B917-834BBF546BAE}.Debug|x64.Build.0 = Debug|Any CPU
		{82AD8072-EF74-4281-B917-834BBF546BAE}.Debug|x86.ActiveCfg = Debug|Any CPU
		{82AD8072-EF74-4281-B917-834BBF546BAE}.Debug|x86.Build.0 = Debug|Any CPU
		{82AD8072-EF74-4281-B917-834BBF546BAE}.Release|Any CPU.ActiveCfg = Release|Any CPU
		{82AD8072-EF74-4281-B917-834BBF546BAE}.Release|Any CPU.Build.0 = Release|Any CPU
		{82AD8072-EF74-4281-B917-834BBF546BAE}.Release|x64.ActiveCfg = Release|Any CPU
		{82AD8072-EF74-4281-B917-834BBF546BAE}.Release|x64.Build.0 = Release|Any CPU
		{82AD8072-EF74-4281-B917-834BBF546BAE}.Release|x86.ActiveCfg = Release|Any CPU
		{82AD8072-EF74-4281-B917-834BBF546BAE}.Release|x86.Build.0 = Release|Any CPU
		{832A7832-6DB9-47A5-8417-EF187C23034F}.Debug|Any CPU.ActiveCfg = Debug|Any CPU
		{832A7832-6DB9-47A5-8417-EF187C23034F}.Debug|Any CPU.Build.0 = Debug|Any CPU
		{832A7832-6DB9-47A5-8417-EF187C23034F}.Debug|x64.ActiveCfg = Debug|Any CPU
		{832A7832-6DB9-47A5-8417-EF187C23034F}.Debug|x64.Build.0 = Debug|Any CPU
		{832A7832-6DB9-47A5-8417-EF187C23034F}.Debug|x86.ActiveCfg = Debug|Any CPU
		{832A7832-6DB9-47A5-8417-EF187C23034F}.Debug|x86.Build.0 = Debug|Any CPU
		{832A7832-6DB9-47A5-8417-EF187C23034F}.Release|Any CPU.ActiveCfg = Release|Any CPU
		{832A7832-6DB9-47A5-8417-EF187C23034F}.Release|Any CPU.Build.0 = Release|Any CPU
		{832A7832-6DB9-47A5-8417-EF187C23034F}.Release|x64.ActiveCfg = Release|Any CPU
		{832A7832-6DB9-47A5-8417-EF187C23034F}.Release|x64.Build.0 = Release|Any CPU
		{832A7832-6DB9-47A5-8417-EF187C23034F}.Release|x86.ActiveCfg = Release|Any CPU
		{832A7832-6DB9-47A5-8417-EF187C23034F}.Release|x86.Build.0 = Release|Any CPU
		{597AFF64-C3B0-41CF-BBEE-CCE661E95D0B}.Debug|Any CPU.ActiveCfg = Debug|Any CPU
		{597AFF64-C3B0-41CF-BBEE-CCE661E95D0B}.Debug|Any CPU.Build.0 = Debug|Any CPU
		{597AFF64-C3B0-41CF-BBEE-CCE661E95D0B}.Debug|x64.ActiveCfg = Debug|Any CPU
		{597AFF64-C3B0-41CF-BBEE-CCE661E95D0B}.Debug|x64.Build.0 = Debug|Any CPU
		{597AFF64-C3B0-41CF-BBEE-CCE661E95D0B}.Debug|x86.ActiveCfg = Debug|Any CPU
		{597AFF64-C3B0-41CF-BBEE-CCE661E95D0B}.Debug|x86.Build.0 = Debug|Any CPU
		{597AFF64-C3B0-41CF-BBEE-CCE661E95D0B}.Release|Any CPU.ActiveCfg = Release|Any CPU
		{597AFF64-C3B0-41CF-BBEE-CCE661E95D0B}.Release|Any CPU.Build.0 = Release|Any CPU
		{597AFF64-C3B0-41CF-BBEE-CCE661E95D0B}.Release|x64.ActiveCfg = Release|Any CPU
		{597AFF64-C3B0-41CF-BBEE-CCE661E95D0B}.Release|x64.Build.0 = Release|Any CPU
		{597AFF64-C3B0-41CF-BBEE-CCE661E95D0B}.Release|x86.ActiveCfg = Release|Any CPU
		{597AFF64-C3B0-41CF-BBEE-CCE661E95D0B}.Release|x86.Build.0 = Release|Any CPU
	EndGlobalSection
	GlobalSection(NestedProjects) = preSolution
		{597AFF64-C3B0-41CF-BBEE-CCE661E95D0B} = {48A99F67-72F0-4EA1-ABE7-6DF1CCF0D7E2}
	EndGlobalSection
EndGlobal
